PATH
  remote: .
  specs:
    fast-rsa-engine (0.1.0-java)
      jar-dependencies (~> 0.1)

GEM
  remote: https://rubygems.org/
  specs:
    diff-lcs (1.2.5)
    jar-dependencies (0.1.15)
    jruby-openssl (0.9.6-java)
    rake (10.4.2)
    rspec (3.3.0)
      rspec-core (~> 3.3.0)
      rspec-expectations (~> 3.3.0)
      rspec-mocks (~> 3.3.0)
    rspec-core (3.3.2)
      rspec-support (~> 3.3.0)
    rspec-expectations (3.3.1)
      diff-lcs (>= 1.2.0, < 2.0)
      rspec-support (~> 3.3.0)
    rspec-mocks (3.3.2)
      diff-lcs (>= 1.2.0, < 2.0)
      rspec-support (~> 3.3.0)
    rspec-support (3.3.0)
    ruby-maven (3.3.3)
      ruby-maven-libs (~> 3.3.1)
    ruby-maven-libs (3.3.3)

PLATFORMS
  java

DEPENDENCIES
  fast-rsa-engine!
  jruby-openssl (= 0.9.6)
  rake (~> 10.2)
  rspec (~> 3.3)
  ruby-maven (~> 3.3)

BUNDLED WITH
   1.10.6
